
Microsoft Visual Studio Solution File, Format Version 12.00
# Visual Studio Version 17
VisualStudioVersion = 17.14.36221.1 d17.14
MinimumVisualStudioVersion = 10.0.40219.1
Project("{FAE04EC0-301F-11D3-BF4B-00C04F79EFBC}") = "Task1OOPLibrary", "Task1OOPLibrary\Task1OOPLibrary.csproj", "{96D89BE1-BAA8-4D67-8EF5-73D142CA09D7}"
EndProject
Project("{FAE04EC0-301F-11D3-BF4B-00C04F79EFBC}") = "PersonTest", "PersonTest\PersonTest.csproj", "{DE068EBC-D833-4C3D-885A-F1725AC0BECA}"
EndProject
Project("{FAE04EC0-301F-11D3-BF4B-00C04F79EFBC}") = "PointTest", "PointTest\PointTest.csproj", "{35586D44-B0AF-4758-A812-C60DF72CC692}"
EndProject
Project("{FAE04EC0-301F-11D3-BF4B-00C04F79EFBC}") = "RectangleTest", "RectangleTest\RectangleTest.csproj", "{44A6F1FA-DCC0-48C2-98BE-542A189413A9}"
EndProject
Project("{FAE04EC0-301F-11D3-BF4B-00C04F79EFBC}") = "OldestPersonTest", "OldestPersonTest\OldestPersonTest.csproj", "{C917C0B7-4822-4CC0-93A3-DCEA9BEF5E55}"
EndProject
Global
	GlobalSection(SolutionConfigurationPlatforms) = preSolution
		Debug|Any CPU = Debug|Any CPU
		Release|Any CPU = Release|Any CPU
	EndGlobalSection
	GlobalSection(ProjectConfigurationPlatforms) = postSolution
		{96D89BE1-BAA8-4D67-8EF5-73D142CA09D7}.Debug|Any CPU.ActiveCfg = Debug|Any CPU
		{96D89BE1-BAA8-4D67-8EF5-73D142CA09D7}.Debug|Any CPU.Build.0 = Debug|Any CPU
		{96D89BE1-BAA8-4D67-8EF5-73D142CA09D7}.Release|Any CPU.ActiveCfg = Release|Any CPU
		{96D89BE1-BAA8-4D67-8EF5-73D142CA09D7}.Release|Any CPU.Build.0 = Release|Any CPU
		{DE068EBC-D833-4C3D-885A-F1725AC0BECA}.Debug|Any CPU.ActiveCfg = Debug|Any CPU
		{DE068EBC-D833-4C3D-885A-F1725AC0BECA}.Debug|Any CPU.Build.0 = Debug|Any CPU
		{DE068EBC-D833-4C3D-885A-F1725AC0BECA}.Release|Any CPU.ActiveCfg = Release|Any CPU
		{DE068EBC-D833-4C3D-885A-F1725AC0BECA}.Release|Any CPU.Build.0 = Release|Any CPU
		{35586D44-B0AF-4758-A812-C60DF72CC692}.Debug|Any CPU.ActiveCfg = Debug|Any CPU
		{35586D44-B0AF-4758-A812-C60DF72CC692}.Debug|Any CPU.Build.0 = Debug|Any CPU
		{35586D44-B0AF-4758-A812-C60DF72CC692}.Release|Any CPU.ActiveCfg = Release|Any CPU
		{35586D44-B0AF-4758-A812-C60DF72CC692}.Release|Any CPU.Build.0 = Release|Any CPU
		{44A6F1FA-DCC0-48C2-98BE-542A189413A9}.Debug|Any CPU.ActiveCfg = Debug|Any CPU
		{44A6F1FA-DCC0-48C2-98BE-542A189413A9}.Debug|Any CPU.Build.0 = Debug|Any CPU
		{44A6F1FA-DCC0-48C2-98BE-542A189413A9}.Release|Any CPU.ActiveCfg = Release|Any CPU
		{44A6F1FA-DCC0-48C2-98BE-542A189413A9}.Release|Any CPU.Build.0 = Release|Any CPU
		{C917C0B7-4822-4CC0-93A3-DCEA9BEF5E55}.Debug|Any CPU.ActiveCfg = Debug|Any CPU
		{C917C0B7-4822-4CC0-93A3-DCEA9BEF5E55}.Debug|Any CPU.Build.0 = Debug|Any CPU
		{C917C0B7-4822-4CC0-93A3-DCEA9BEF5E55}.Release|Any CPU.ActiveCfg = Release|Any CPU
		{C917C0B7-4822-4CC0-93A3-DCEA9BEF5E55}.Release|Any CPU.Build.0 = Release|Any CPU
	EndGlobalSection
	GlobalSection(SolutionProperties) = preSolution
		HideSolutionNode = FALSE
	EndGlobalSection
	GlobalSection(ExtensibilityGlobals) = postSolution
		SolutionGuid = {E26FA941-0EF9-4D1B-9F99-08CCE220BBDE}
	EndGlobalSection
EndGlobal
